// !$*UTF8*$!
{
	archiveVersion = 1;
	classes = {
	};
	objectVersion = 46;
	objects = {

/* Begin PBXBuildFile section */
		224F966C1547D1DC0007415B /* UIKit.framework in Frameworks */ = {isa = PBXBuildFile; fileRef = 224F966B1547D1DC0007415B /* UIKit.framework */; };
		224F966E1547D1DC0007415B /* Foundation.framework in Frameworks */ = {isa = PBXBuildFile; fileRef = 224F966D1547D1DC0007415B /* Foundation.framework */; };
		224F96701547D1DC0007415B /* CoreGraphics.framework in Frameworks */ = {isa = PBXBuildFile; fileRef = 224F966F1547D1DC0007415B /* CoreGraphics.framework */; };
		224F96761547D1DC0007415B /* InfoPlist.strings in Resources */ = {isa = PBXBuildFile; fileRef = 224F96741547D1DC0007415B /* InfoPlist.strings */; };
		224F96781547D1DC0007415B /* main.m in Sources */ = {isa = PBXBuildFile; fileRef = 224F96771547D1DC0007415B /* main.m */; };
		224F967C1547D1DC0007415B /* CMAppDelegate.m in Sources */ = {isa = PBXBuildFile; fileRef = 224F967B1547D1DC0007415B /* CMAppDelegate.m */; };
		224F967F1547D1DC0007415B /* CMViewController.m in Sources */ = {isa = PBXBuildFile; fileRef = 224F967E1547D1DC0007415B /* CMViewController.m */; };
		224F96821547D1DC0007415B /* CMViewController.xib in Resources */ = {isa = PBXBuildFile; fileRef = 224F96801547D1DC0007415B /* CMViewController.xib */; };
		224F968A1547D1DC0007415B /* SenTestingKit.framework in Frameworks */ = {isa = PBXBuildFile; fileRef = 224F96891547D1DC0007415B /* SenTestingKit.framework */; };
		224F968B1547D1DC0007415B /* UIKit.framework in Frameworks */ = {isa = PBXBuildFile; fileRef = 224F966B1547D1DC0007415B /* UIKit.framework */; };
		224F968C1547D1DC0007415B /* Foundation.framework in Frameworks */ = {isa = PBXBuildFile; fileRef = 224F966D1547D1DC0007415B /* Foundation.framework */; };
		224F96941547D1DC0007415B /* InfoPlist.strings in Resources */ = {isa = PBXBuildFile; fileRef = 224F96921547D1DC0007415B /* InfoPlist.strings */; };
		224F96971547D1DC0007415B /* InceptionListTests.m in Sources */ = {isa = PBXBuildFile; fileRef = 224F96961547D1DC0007415B /* InceptionListTests.m */; };
/* End PBXBuildFile section */

/* Begin PBXContainerItemProxy section */
		224F968D1547D1DC0007415B /* PBXContainerItemProxy */ = {
			isa = PBXContainerItemProxy;
			containerPortal = 224F965E1547D1DC0007415B /* Project object */;
			proxyType = 1;
			remoteGlobalIDString = 224F96661547D1DC0007415B;
			remoteInfo = InceptionList;
		};
/* End PBXContainerItemProxy section */

/* Begin PBXFileReference section */
		224F96671547D1DC0007415B /* InceptionList.app */ = {isa = PBXFileReference; explicitFileType = wrapper.application; includeInIndex = 0; path = InceptionList.app; sourceTree = BUILT_PRODUCTS_DIR; };
		224F966B1547D1DC0007415B /* UIKit.framework */ = {isa = PBXFileReference; lastKnownFileType = wrapper.framework; name = UIKit.framework; path = System/Library/Frameworks/UIKit.framework; sourceTree = SDKROOT; };
		224F966D1547D1DC0007415B /* Foundation.framework */ = {isa = PBXFileReference; lastKnownFileType = wrapper.framework; name = Foundation.framework; path = System/Library/Frameworks/Foundation.framework; sourceTree = SDKROOT; };
		224F966F1547D1DC0007415B /* CoreGraphics.framework */ = {isa = PBXFileReference; lastKnownFileType = wrapper.framework; name = CoreGraphics.framework; path = System/Library/Frameworks/CoreGraphics.framework; sourceTree = SDKROOT; };
		224F96731547D1DC0007415B /* InceptionList-Info.plist */ = {isa = PBXFileReference; path = "InceptionList-Info.plist"; sourceTree = "<group>"; };
		224F96751547D1DC0007415B /* en */ = {isa = PBXFileReference; lastKnownFileType = text.plist.strings; name = en; path = en.lproj/InfoPlist.strings; sourceTree = "<group>"; };
		224F96771547D1DC0007415B /* main.m */ = {isa = PBXFileReference; lastKnownFileType = sourcecode.c.objc; path = main.m; sourceTree = "<group>"; };
		224F96791547D1DC0007415B /* InceptionList-Prefix.pch */ = {isa = PBXFileReference; path = "InceptionList-Prefix.pch"; sourceTree = "<group>"; };
		224F967A1547D1DC0007415B /* CMAppDelegate.h */ = {isa = PBXFileReference; path = CMAppDelegate.h; sourceTree = "<group>"; };
		224F967B1547D1DC0007415B /* CMAppDelegate.m */ = {isa = PBXFileReference; lastKnownFileType = sourcecode.c.objc; path = CMAppDelegate.m; sourceTree = "<group>"; };
		224F967D1547D1DC0007415B /* CMViewController.h */ = {isa = PBXFileReference; path = CMViewController.h; sourceTree = "<group>"; };
		224F967E1547D1DC0007415B /* CMViewController.m */ = {isa = PBXFileReference; lastKnownFileType = sourcecode.c.objc; path = CMViewController.m; sourceTree = "<group>"; };
		224F96811547D1DC0007415B /* en */ = {isa = PBXFileReference; lastKnownFileType = file.xib; name = en; path = en.lproj/CMViewController.xib; sourceTree = "<group>"; };
		224F96881547D1DC0007415B /* InceptionListTests.octest */ = {isa = PBXFileReference; explicitFileType = wrapper.cfbundle; includeInIndex = 0; path = InceptionListTests.octest; sourceTree = BUILT_PRODUCTS_DIR; };
		224F96891547D1DC0007415B /* SenTestingKit.framework */ = {isa = PBXFileReference; lastKnownFileType = wrapper.framework; name = SenTestingKit.framework; path = Library/Frameworks/SenTestingKit.framework; sourceTree = DEVELOPER_DIR; };
		224F96911547D1DC0007415B /* InceptionListTests-Info.plist */ = {isa = PBXFileReference; path = "InceptionListTests-Info.plist"; sourceTree = "<group>"; };
		224F96931547D1DC0007415B /* en */ = {isa = PBXFileReference; lastKnownFileType = text.plist.strings; name = en; path = en.lproj/InfoPlist.strings; sourceTree = "<group>"; };
		224F96951547D1DC0007415B /* InceptionListTests.h */ = {isa = PBXFileReference; path = InceptionListTests.h; sourceTree = "<group>"; };
		224F96961547D1DC0007415B /* InceptionListTests.m */ = {isa = PBXFileReference; lastKnownFileType = sourcecode.c.objc; path = InceptionListTests.m; sourceTree = "<group>"; };
/* End PBXFileReference section */

/* Begin PBXFrameworksBuildPhase section */
		224F96641547D1DC0007415B /* Frameworks */ = {
			isa = PBXFrameworksBuildPhase;
			buildActionMask = 2147483647;
			files = (
				224F966C1547D1DC0007415B /* UIKit.framework in Frameworks */,
				224F966E1547D1DC0007415B /* Foundation.framework in Frameworks */,
				224F96701547D1DC0007415B /* CoreGraphics.framework in Frameworks */,
			);
			runOnlyForDeploymentPostprocessing = 0;
		};
		224F96841547D1DC0007415B /* Frameworks */ = {
			isa = PBXFrameworksBuildPhase;
			buildActionMask = 2147483647;
			files = (
				224F968A1547D1DC0007415B /* SenTestingKit.framework in Frameworks */,
				224F968B1547D1DC0007415B /* UIKit.framework in Frameworks */,
				224F968C1547D1DC0007415B /* Foundation.framework in Frameworks */,
			);
			runOnlyForDeploymentPostprocessing = 0;
		};
/* End PBXFrameworksBuildPhase section */

/* Begin PBXGroup section */
		224F965C1547D1DC0007415B = {
			isa = PBXGroup;
			children = (
				224F96711547D1DC0007415B /* InceptionList */,
				224F968F1547D1DC0007415B /* InceptionListTests */,
				224F966A1547D1DC0007415B /* Frameworks */,
				224F96681547D1DC0007415B /* Products */,
			);
			sourceTree = "<group>";
		};
		224F96681547D1DC0007415B /* Products */ = {
			isa = PBXGroup;
			children = (
				224F96671547D1DC0007415B /* InceptionList.app */,
				224F96881547D1DC0007415B /* InceptionListTests.octest */,
			);
			name = Products;
			sourceTree = "<group>";
		};
		224F966A1547D1DC0007415B /* Frameworks */ = {
			isa = PBXGroup;
			children = (
				224F966B1547D1DC0007415B /* UIKit.framework */,
				224F966D1547D1DC0007415B /* Foundation.framework */,
				224F966F1547D1DC0007415B /* CoreGraphics.framework */,
				224F96891547D1DC0007415B /* SenTestingKit.framework */,
			);
			name = Frameworks;
			sourceTree = "<group>";
		};
		224F96711547D1DC0007415B /* InceptionList */ = {
			isa = PBXGroup;
			children = (
				224F967A1547D1DC0007415B /* CMAppDelegate.h */,
				224F967B1547D1DC0007415B /* CMAppDelegate.m */,
				224F967D1547D1DC0007415B /* CMViewController.h */,
				224F967E1547D1DC0007415B /* CMViewController.m */,
				224F96801547D1DC0007415B /* CMViewController.xib */,
				224F96721547D1DC0007415B /* Supporting Files */,
			);
			path = InceptionList;
			sourceTree = "<group>";
		};
		224F96721547D1DC0007415B /* Supporting Files */ = {
			isa = PBXGroup;
			children = (
				224F96731547D1DC0007415B /* InceptionList-Info.plist */,
				224F96741547D1DC0007415B /* InfoPlist.strings */,
				224F96771547D1DC0007415B /* main.m */,
				224F96791547D1DC0007415B /* InceptionList-Prefix.pch */,
			);
			name = "Supporting Files";
			sourceTree = "<group>";
		};
		224F968F1547D1DC0007415B /* InceptionListTests */ = {
			isa = PBXGroup;
			children = (
				224F96951547D1DC0007415B /* InceptionListTests.h */,
				224F96961547D1DC0007415B /* InceptionListTests.m */,
				224F96901547D1DC0007415B /* Supporting Files */,
			);
			path = InceptionListTests;
			sourceTree = "<group>";
		};
		224F96901547D1DC0007415B /* Supporting Files */ = {
			isa = PBXGroup;
			children = (
				224F96911547D1DC0007415B /* InceptionListTests-Info.plist */,
				224F96921547D1DC0007415B /* InfoPlist.strings */,
			);
			name = "Supporting Files";
			sourceTree = "<group>";
		};
/* End PBXGroup section */

/* Begin PBXNativeTarget section */
		224F96661547D1DC0007415B /* InceptionList */ = {
			isa = PBXNativeTarget;
			buildConfigurationList = 224F969A1547D1DC0007415B /* Build configuration list for PBXNativeTarget "InceptionList" */;
			buildPhases = (
				224F96631547D1DC0007415B /* Sources */,
				224F96641547D1DC0007415B /* Frameworks */,
				224F96651547D1DC0007415B /* Resources */,
			);
			buildRules = (
			);
			dependencies = (
			);
			name = InceptionList;
			productName = InceptionList;
			productReference = 224F96671547D1DC0007415B /* InceptionList.app */;
			productType = "com.apple.product-type.application";
		};
		224F96871547D1DC0007415B /* InceptionListTests */ = {
			isa = PBXNativeTarget;
			buildConfigurationList = 224F969D1547D1DC0007415B /* Build configuration list for PBXNativeTarget "InceptionListTests" */;
			buildPhases = (
				224F96831547D1DC0007415B /* Sources */,
				224F96841547D1DC0007415B /* Frameworks */,
				224F96851547D1DC0007415B /* Resources */,
				224F96861547D1DC0007415B /* ShellScript */,
			);
			buildRules = (
			);
			dependencies = (
				224F968E1547D1DC0007415B /* PBXTargetDependency */,
			);
			name = InceptionListTests;
			productName = InceptionListTests;
			productReference = 224F96881547D1DC0007415B /* InceptionListTests.octest */;
			productType = "com.apple.product-type.bundle";
		};
/* End PBXNativeTarget section */

/* Begin PBXProject section */
		224F965E1547D1DC0007415B /* Project object */ = {
			isa = PBXProject;
			attributes = {
				CLASSPREFIX = CM;
				LastUpgradeCheck = 0430;
			};
			buildConfigurationList = 224F96611547D1DC0007415B /* Build configuration list for PBXProject "InceptionList" */;
			compatibilityVersion = "Xcode 3.2";
			developmentRegion = English;
			hasScannedForEncodings = 0;
			knownRegions = (
				en,
			);
			mainGroup = 224F965C1547D1DC0007415B;
			productRefGroup = 224F96681547D1DC0007415B /* Products */;
			projectDirPath = "";
			projectRoot = "";
			targets = (
				224F96661547D1DC0007415B /* InceptionList */,
				224F96871547D1DC0007415B /* InceptionListTests */,
			);
		};
/* End PBXProject section */

/* Begin PBXResourcesBuildPhase section */
		224F96651547D1DC0007415B /* Resources */ = {
			isa = PBXResourcesBuildPhase;
			buildActionMask = 2147483647;
			files = (
				224F96761547D1DC0007415B /* InfoPlist.strings in Resources */,
				224F96821547D1DC0007415B /* CMViewController.xib in Resources */,
			);
			runOnlyForDeploymentPostprocessing = 0;
		};
		224F96851547D1DC0007415B /* Resources */ = {
			isa = PBXResourcesBuildPhase;
			buildActionMask = 2147483647;
			files = (
				224F96941547D1DC0007415B /* InfoPlist.strings in Resources */,
			);
			runOnlyForDeploymentPostprocessing = 0;
		};
/* End PBXResourcesBuildPhase section */

/* Begin PBXShellScriptBuildPhase section */
		224F96861547D1DC0007415B /* ShellScript */ = {
			isa = PBXShellScriptBuildPhase;
			buildActionMask = 2147483647;
			files = (
			);
			inputPaths = (
			);
			outputPaths = (
			);
			runOnlyForDeploymentPostprocessing = 0;
			shellPath = /bin/sh;
			shellScript = "# Run the unit tests in this test bundle.\n\"${SYSTEM_DEVELOPER_DIR}/Tools/RunUnitTests\"\n";
		};
/* End PBXShellScriptBuildPhase section */

/* Begin PBXSourcesBuildPhase section */
		224F96631547D1DC0007415B /* Sources */ = {
			isa = PBXSourcesBuildPhase;
			buildActionMask = 2147483647;
			files = (
				224F96781547D1DC0007415B /* main.m in Sources */,
				224F967C1547D1DC0007415B /* CMAppDelegate.m in Sources */,
				224F967F1547D1DC0007415B /* CMViewController.m in Sources */,
			);
			runOnlyForDeploymentPostprocessing = 0;
		};
		224F96831547D1DC0007415B /* Sources */ = {
			isa = PBXSourcesBuildPhase;
			buildActionMask = 2147483647;
			files = (
				224F96971547D1DC0007415B /* InceptionListTests.m in Sources */,
			);
			runOnlyForDeploymentPostprocessing = 0;
		};
/* End PBXSourcesBuildPhase section */

/* Begin PBXTargetDependency section */
		224F968E1547D1DC0007415B /* PBXTargetDependency */ = {
			isa = PBXTargetDependency;
			target = 224F96661547D1DC0007415B /* InceptionList */;
			targetProxy = 224F968D1547D1DC0007415B /* PBXContainerItemProxy */;
		};
/* End PBXTargetDependency section */

/* Begin PBXVariantGroup section */
		224F96741547D1DC0007415B /* InfoPlist.strings */ = {
			isa = PBXVariantGroup;
			children = (
				224F96751547D1DC0007415B /* en */,
			);
			name = InfoPlist.strings;
			sourceTree = "<group>";
		};
		224F96801547D1DC0007415B /* CMViewController.xib */ = {
			isa = PBXVariantGroup;
			children = (
				224F96811547D1DC0007415B /* en */,
			);
			name = CMViewController.xib;
			sourceTree = "<group>";
		};
		224F96921547D1DC0007415B /* InfoPlist.strings */ = {
			isa = PBXVariantGroup;
			children = (
				224F96931547D1DC0007415B /* en */,
			);
			name = InfoPlist.strings;
			sourceTree = "<group>";
		};
/* End PBXVariantGroup section */

/* Begin XCBuildConfiguration section */
		224F96981547D1DC0007415B /* Debug */ = {
			isa = XCBuildConfiguration;
			buildSettings = {
				ALWAYS_SEARCH_USER_PATHS = NO;
				ARCHS = "$(ARCHS_STANDARD_32_BIT)";
				CLANG_ENABLE_OBJC_ARC = YES;
				"CODE_SIGN_IDENTITY[sdk=iphoneos*]" = "iPhone Developer";
				COPY_PHASE_STRIP = NO;
				GCC_C_LANGUAGE_STANDARD = gnu99;
				GCC_DYNAMIC_NO_PIC = NO;
				GCC_OPTIMIZATION_LEVEL = 0;
				GCC_PREPROCESSOR_DEFINITIONS = (
					"DEBUG=1",
					"$(inherited)",
				);
				GCC_SYMBOLS_PRIVATE_EXTERN = NO;
				GCC_VERSION = com.apple.compilers.llvm.clang.1_0;
				GCC_WARN_ABOUT_RETURN_TYPE = YES;
				GCC_WARN_UNINITIALIZED_AUTOS = YES;
				GCC_WARN_UNUSED_VARIABLE = YES;
				IPHONEOS_DEPLOYMENT_TARGET = 5.1;
				SDKROOT = iphoneos;
				TARGETED_DEVICE_FAMILY = 2;
			};
			name = Debug;
		};
		224F96991547D1DC0007415B /* Release */ = {
			isa = XCBuildConfiguration;
			buildSettings = {
				ALWAYS_SEARCH_USER_PATHS = NO;
				ARCHS = "$(ARCHS_STANDARD_32_BIT)";
				CLANG_ENABLE_OBJC_ARC = YES;
				"CODE_SIGN_IDENTITY[sdk=iphoneos*]" = "iPhone Developer";
				COPY_PHASE_STRIP = YES;
				GCC_C_LANGUAGE_STANDARD = gnu99;
				GCC_VERSION = com.apple.compilers.llvm.clang.1_0;
				GCC_WARN_ABOUT_RETURN_TYPE = YES;
				GCC_WARN_UNINITIALIZED_AUTOS = YES;
				GCC_WARN_UNUSED_VARIABLE = YES;
				IPHONEOS_DEPLOYMENT_TARGET = 5.1;
				OTHER_CFLAGS = "-DNS_BLOCK_ASSERTIONS=1";
				SDKROOT = iphoneos;
				TARGETED_DEVICE_FAMILY = 2;
				VALIDATE_PRODUCT = YES;
			};
			name = Release;
		};
		224F969B1547D1DC0007415B /* Debug */ = {
			isa = XCBuildConfiguration;
			buildSettings = {
				GCC_PRECOMPILE_PREFIX_HEADER = YES;
				GCC_PREFIX_HEADER = "InceptionList/InceptionList-Prefix.pch";
				INFOPLIST_FILE = "InceptionList/InceptionList-Info.plist";
				PRODUCT_NAME = "$(TARGET_NAME)";
				WRAPPER_EXTENSION = app;
			};
			name = Debug;
		};
		224F969C1547D1DC0007415B /* Release */ = {
			isa = XCBuildConfiguration;
			buildSettings = {
				GCC_PRECOMPILE_PREFIX_HEADER = YES;
				GCC_PREFIX_HEADER = "InceptionList/InceptionList-Prefix.pch";
				INFOPLIST_FILE = "InceptionList/InceptionList-Info.plist";
				PRODUCT_NAME = "$(TARGET_NAME)";
				WRAPPER_EXTENSION = app;
			};
			name = Release;
		};
		224F969E1547D1DC0007415B /* Debug */ = {
			isa = XCBuildConfiguration;
			buildSettings = {
				BUNDLE_LOADER = "$(BUILT_PRODUCTS_DIR)/InceptionList.app/InceptionList";
				FRAMEWORK_SEARCH_PATHS = (
					"$(SDKROOT)/Developer/Library/Frameworks",
					"$(DEVELOPER_LIBRARY_DIR)/Frameworks",
				);
				GCC_PRECOMPILE_PREFIX_HEADER = YES;
				GCC_PREFIX_HEADER = "InceptionList/InceptionList-Prefix.pch";
				INFOPLIST_FILE = "InceptionListTests/InceptionListTests-Info.plist";
				PRODUCT_NAME = "$(TARGET_NAME)";
				TEST_HOST = "$(BUNDLE_LOADER)";
				WRAPPER_EXTENSION = octest;
			};
			name = Debug;
		};
		224F969F1547D1DC0007415B /* Release */ = {
			isa = XCBuildConfiguration;
			buildSettings = {
				BUNDLE_LOADER = "$(BUILT_PRODUCTS_DIR)/InceptionList.app/InceptionList";
				FRAMEWORK_SEARCH_PATHS = (
					"$(SDKROOT)/Developer/Library/Frameworks",
					"$(DEVELOPER_LIBRARY_DIR)/Frameworks",
				);
				GCC_PRECOMPILE_PREFIX_HEADER = YES;
				GCC_PREFIX_HEADER = "InceptionList/InceptionList-Prefix.pch";
				INFOPLIST_FILE = "InceptionListTests/InceptionListTests-Info.plist";
				PRODUCT_NAME = "$(TARGET_NAME)";
				TEST_HOST = "$(BUNDLE_LOADER)";
				WRAPPER_EXTENSION = octest;
			};
			name = Release;
		};
/* End XCBuildConfiguration section */

/* Begin XCConfigurationList section */
		224F96611547D1DC0007415B /* Build configuration list for PBXProject "InceptionList" */ = {
			isa = XCConfigurationList;
			buildConfigurations = (
				224F96981547D1DC0007415B /* Debug */,
				224F96991547D1DC0007415B /* Release */,
			);
			defaultConfigurationIsVisible = 0;
			defaultConfigurationName = Release;
		};
		224F969A1547D1DC0007415B /* Build configuration list for PBXNativeTarget "InceptionList" */ = {
			isa = XCConfigurationList;
			buildConfigurations = (
				224F969B1547D1DC0007415B /* Debug */,
				224F969C1547D1DC0007415B /* Release */,
			);
			defaultConfigurationIsVisible = 0;
		};
		224F969D1547D1DC0007415B /* Build configuration list for PBXNativeTarget "InceptionListTests" */ = {
			isa = XCConfigurationList;
			buildConfigurations = (
				224F969E1547D1DC0007415B /* Debug */,
				224F969F1547D1DC0007415B /* Release */,
			);
			defaultConfigurationIsVisible = 0;
		};
/* End XCConfigurationList section */
	};
	rootObject = 224F965E1547D1DC0007415B /* Project object */;
}
